PODS:
  - LinqToObjectiveC (2.0.0)
  - objectiveflickr (2.0.4)
  - ReactiveCocoa (2.5):
    - ReactiveCocoa/UI (= 2.5)
  - ReactiveCocoa/Core (2.5):
    - ReactiveCocoa/no-arc
  - ReactiveCocoa/no-arc (2.5)
  - ReactiveCocoa/UI (2.5):
    - ReactiveCocoa/Core
  - SDWebImage (4.0.0):
    - SDWebImage/Core (= 4.0.0)
  - SDWebImage/Core (4.0.0)

DEPENDENCIES:
  - LinqToObjectiveC (= 2.0.0)
  - objectiveflickr (= 2.0.4)
  - ReactiveCocoa (~> 2.5.0)
  - SDWebImage (= 4.0)

SPEC CHECKSUMS:
  LinqToObjectiveC: 768f98c62d5b57cb6bdb7ab869e33d0a7a2da29c
  objectiveflickr: aed169dae1eb5a5550ca78f7efd7ccde2e4c26e5
  ReactiveCocoa: e2db045570aa97c695e7aa97c2bcab222ae51f4a
  SDWebImage: 76a6348bdc74eb5a55dd08a091ef298e56b55e41

PODFILE CHECKSUM: 2d174f345cd00df860183a1b9bc5745ba946add3

COCOAPODS: 1.2.1
